
Microsoft Visual Studio Solution File, Format Version 12.00
# Visual Studio Version 17
VisualStudioVersion = 17.9.34728.123
MinimumVisualStudioVersion = 10.0.40219.1
Project("{FAE04EC0-301F-11D3-BF4B-00C04F79EFBC}") = "DesignPatternsSln", "DesignPatternsSln.csproj", "{359637E5-C95E-48F2-8B6F-4E75F629903B}"
EndProject
Global
	GlobalSection(SolutionConfigurationPlatforms) = preSolution
		Debug|Any CPU = Debug|Any CPU
		Release|Any CPU = Release|Any CPU
	EndGlobalSection
	GlobalSection(ProjectConfigurationPlatforms) = postSolution
		{359637E5-C95E-48F2-8B6F-4E75F629903B}.Debug|Any CPU.ActiveCfg = Debug|Any CPU
		{359637E5-C95E-48F2-8B6F-4E75F629903B}.Debug|Any CPU.Build.0 = Debug|Any CPU
		{359637E5-C95E-48F2-8B6F-4E75F629903B}.Release|Any CPU.ActiveCfg = Release|Any CPU
		{359637E5-C95E-48F2-8B6F-4E75F629903B}.Release|Any CPU.Build.0 = Release|Any CPU
	EndGlobalSection
	GlobalSection(SolutionProperties) = preSolution
		HideSolutionNode = FALSE
	EndGlobalSection
	GlobalSection(ExtensibilityGlobals) = postSolution
		SolutionGuid = {3FA86E6A-A1CA-488E-9CF2-30FCC63F75F0}
	EndGlobalSection
EndGlobal
